
Microsoft Visual Studio Solution File, Format Version 12.00
# Visual Studio Version 17
VisualStudioVersion = 17.4.33110.190
MinimumVisualStudioVersion = 10.0.40219.1
Project("{FAE04EC0-301F-11D3-BF4B-00C04F79EFBC}") = "ApiMovies", "ApiMovies\ApiMovies.csproj", "{A2BA782E-E13A-47E0-B41E-C1B1896FA4B5}"
EndProject
Project("{2150E333-8FDC-42A3-9474-1A3956D46DE8}") = "Solution Items", "Solution Items", "{6288FDD9-CDA5-45B9-A891-40D7C3BC5D46}"
	ProjectSection(SolutionItems) = preProject
		.editorconfig = .editorconfig
	EndProjectSection
EndProject
Global
	GlobalSection(SolutionConfigurationPlatforms) = preSolution
		Debug|Any CPU = Debug|Any CPU
		Release|Any CPU = Release|Any CPU
	EndGlobalSection
	GlobalSection(ProjectConfigurationPlatforms) = postSolution
		{A2BA782E-E13A-47E0-B41E-C1B1896FA4B5}.Debug|Any CPU.ActiveCfg = Debug|Any CPU
		{A2BA782E-E13A-47E0-B41E-C1B1896FA4B5}.Debug|Any CPU.Build.0 = Debug|Any CPU
		{A2BA782E-E13A-47E0-B41E-C1B1896FA4B5}.Release|Any CPU.ActiveCfg = Release|Any CPU
		{A2BA782E-E13A-47E0-B41E-C1B1896FA4B5}.Release|Any CPU.Build.0 = Release|Any CPU
	EndGlobalSection
	GlobalSection(SolutionProperties) = preSolution
		HideSolutionNode = FALSE
	EndGlobalSection
	GlobalSection(ExtensibilityGlobals) = postSolution
		SolutionGuid = {CAACA681-0E2F-4667-B527-D8DF44A31E83}
	EndGlobalSection
EndGlobal
